
Microsoft Visual Studio Solution File, Format Version 12.00
# Visual Studio 2013
VisualStudioVersion = 12.0.40629.0
MinimumVisualStudioVersion = 10.0.40219.1
Project("{FAE04EC0-301F-11D3-BF4B-00C04F79EFBC}") = "TestingFramework.Core", "TestingFramework.Core\TestingFramework.Core.csproj", "{80A1FAFC-49B0-4DF5-9EB7-A128D0EF97AD}"
EndProject
Project("{FAE04EC0-301F-11D3-BF4B-00C04F79EFBC}") = "StageTelerikAcademy.Tests", "StageTelerikAcademy.Test\StageTelerikAcademy.Tests.csproj", "{0ECEC5B7-699A-4FA6-AE0C-C3F9CC08EE89}"
EndProject
Project("{FAE04EC0-301F-11D3-BF4B-00C04F79EFBC}") = "StageTelerikAcademy.Core", "StageTelerikAcademy.Core\StageTelerikAcademy.Core.csproj", "{1CB2613F-29B8-48DB-A7F6-D44E5115BBF1}"
EndProject
Project("{FAE04EC0-301F-11D3-BF4B-00C04F79EFBC}") = "TestingFramework.Utilities", "TestingFramework.Utilities\TestingFramework.Utilities.csproj", "{6B86FC72-8901-4CA1-BAE2-8A24E5267B71}"
EndProject
Global
	GlobalSection(TeamFoundationVersionControl) = preSolution
		SccNumberOfProjects = 5
		SccEnterpriseProvider = {4CA58AB2-18FA-4F8D-95D4-32DDF27D184C}
		SccTeamFoundationServer = https://imarchev.visualstudio.com/defaultcollection
		SccLocalPath0 = .
		SccProjectUniqueName1 = TestingFramework.Core\\TestingFramework.Core.csproj
		SccProjectName1 = TestingFramework.Core
		SccLocalPath1 = TestingFramework.Core
		SccProjectUniqueName2 = StageTelerikAcademy.Core\\StageTelerikAcademy.Core.csproj
		SccProjectName2 = StageTelerikAcademy.Core
		SccLocalPath2 = StageTelerikAcademy.Core
		SccProjectUniqueName3 = StageTelerikAcademy.Test\\StageTelerikAcademy.Tests.csproj
		SccProjectName3 = StageTelerikAcademy.Test
		SccLocalPath3 = StageTelerikAcademy.Test
		SccProjectUniqueName4 = TestingFramework.Utilities\\TestingFramework.Utilities.csproj
		SccProjectName4 = TestingFramework.Utilities
		SccLocalPath4 = TestingFramework.Utilities
	EndGlobalSection
	GlobalSection(SolutionConfigurationPlatforms) = preSolution
		Debug|Any CPU = Debug|Any CPU
		Release|Any CPU = Release|Any CPU
	EndGlobalSection
	GlobalSection(ProjectConfigurationPlatforms) = postSolution
		{80A1FAFC-49B0-4DF5-9EB7-A128D0EF97AD}.Debug|Any CPU.ActiveCfg = Debug|Any CPU
		{80A1FAFC-49B0-4DF5-9EB7-A128D0EF97AD}.Debug|Any CPU.Build.0 = Debug|Any CPU
		{80A1FAFC-49B0-4DF5-9EB7-A128D0EF97AD}.Release|Any CPU.ActiveCfg = Release|Any CPU
		{80A1FAFC-49B0-4DF5-9EB7-A128D0EF97AD}.Release|Any CPU.Build.0 = Release|Any CPU
		{0ECEC5B7-699A-4FA6-AE0C-C3F9CC08EE89}.Debug|Any CPU.ActiveCfg = Debug|Any CPU
		{0ECEC5B7-699A-4FA6-AE0C-C3F9CC08EE89}.Debug|Any CPU.Build.0 = Debug|Any CPU
		{0ECEC5B7-699A-4FA6-AE0C-C3F9CC08EE89}.Release|Any CPU.ActiveCfg = Release|Any CPU
		{0ECEC5B7-699A-4FA6-AE0C-C3F9CC08EE89}.Release|Any CPU.Build.0 = Release|Any CPU
		{1CB2613F-29B8-48DB-A7F6-D44E5115BBF1}.Debug|Any CPU.ActiveCfg = Debug|Any CPU
		{1CB2613F-29B8-48DB-A7F6-D44E5115BBF1}.Debug|Any CPU.Build.0 = Debug|Any CPU
		{1CB2613F-29B8-48DB-A7F6-D44E5115BBF1}.Release|Any CPU.ActiveCfg = Release|Any CPU
		{1CB2613F-29B8-48DB-A7F6-D44E5115BBF1}.Release|Any CPU.Build.0 = Release|Any CPU
		{6B86FC72-8901-4CA1-BAE2-8A24E5267B71}.Debug|Any CPU.ActiveCfg = Debug|Any CPU
		{6B86FC72-8901-4CA1-BAE2-8A24E5267B71}.Debug|Any CPU.Build.0 = Debug|Any CPU
		{6B86FC72-8901-4CA1-BAE2-8A24E5267B71}.Release|Any CPU.ActiveCfg = Release|Any CPU
		{6B86FC72-8901-4CA1-BAE2-8A24E5267B71}.Release|Any CPU.Build.0 = Release|Any CPU
	EndGlobalSection
	GlobalSection(SolutionProperties) = preSolution
		HideSolutionNode = FALSE
	EndGlobalSection
EndGlobal
